Microsoft Visual Studio Solution File, Format Version 11.00
# Visual Studio 2010
Project("{8BC9CEB8-8B4A-11D0-8D11-00A0C91BC942}") = "game", "game\game.vcxproj", "{5B587283-8429-4F8B-AECA-C09BF364B617}"
	ProjectSection(ProjectDependencies) = postProject
		{0AF93E5E-5CB4-4EC8-8B72-7F449DC48296} = {0AF93E5E-5CB4-4EC8-8B72-7F449DC48296}
	EndProjectSection
EndProject
Project("{8BC9CEB8-8B4A-11D0-8D11-00A0C91BC942}") = "lua", "lua\lua.vcxproj", "{0AF93E5E-5CB4-4EC8-8B72-7F449DC48296}"
EndProject
Global
	GlobalSection(SolutionConfigurationPlatforms) = preSolution
		Debug|Win32 = Debug|Win32
		Release|Win32 = Release|Win32
	EndGlobalSection
	GlobalSection(ProjectConfigurationPlatforms) = postSolution
		{5B587283-8429-4F8B-AECA-C09BF364B617}.Debug|Win32.ActiveCfg = Debug|Win32
		{5B587283-8429-4F8B-AECA-C09BF364B617}.Debug|Win32.Build.0 = Debug|Win32
		{5B587283-8429-4F8B-AECA-C09BF364B617}.Release|Win32.ActiveCfg = Release|Win32
		{5B587283-8429-4F8B-AECA-C09BF364B617}.Release|Win32.Build.0 = Release|Win32
		{0AF93E5E-5CB4-4EC8-8B72-7F449DC48296}.Debug|Win32.ActiveCfg = Debug|Win32
		{0AF93E5E-5CB4-4EC8-8B72-7F449DC48296}.Debug|Win32.Build.0 = Debug|Win32
		{0AF93E5E-5CB4-4EC8-8B72-7F449DC48296}.Release|Win32.ActiveCfg = Release|Win32
		{0AF93E5E-5CB4-4EC8-8B72-7F449DC48296}.Release|Win32.Build.0 = Release|Win32
	EndGlobalSection
	GlobalSection(SolutionProperties) = preSolution
		HideSolutionNode = FALSE
	EndGlobalSection
	GlobalSection(DevPartner Solution Properties) = postSolution
	EndGlobalSection
	GlobalSection(DevPartner) = postSolution
	EndGlobalSection
	GlobalSection(DevPartner) = postSolution
	EndGlobalSection
EndGlobal
