
Microsoft Visual Studio Solution File, Format Version 12.00
# Visual Studio 14
VisualStudioVersion = 14.0.25420.1
MinimumVisualStudioVersion = 10.0.40219.1
Project("{8BC9CEB8-8B4A-11D0-8D11-00A0C91BC942}") = "Client", "vs14-client.vcxproj", "{4E64C2C8-9E76-4C88-808B-B28A61919D53}"
EndProject
Project("{8BC9CEB8-8B4A-11D0-8D11-00A0C91BC942}") = "Server", "vs14-server.vcxproj", "{2FB1189B-44C9-4D81-8441-19CDE84AE19E}"
EndProject
Global
	GlobalSection(SolutionConfigurationPlatforms) = preSolution
		Debug|Win32 = Debug|Win32
		Release|Win32 = Release|Win32
	EndGlobalSection
	GlobalSection(ProjectConfigurationPlatforms) = postSolution
		{4E64C2C8-9E76-4C88-808B-B28A61919D53}.Debug|Win32.ActiveCfg = Debug|Win32
		{4E64C2C8-9E76-4C88-808B-B28A61919D53}.Debug|Win32.Build.0 = Debug|Win32
		{4E64C2C8-9E76-4C88-808B-B28A61919D53}.Release|Win32.ActiveCfg = Release|Win32
		{4E64C2C8-9E76-4C88-808B-B28A61919D53}.Release|Win32.Build.0 = Release|Win32
		{3271A73E-369D-4589-979B-0ED42C45090A}.Debug|Win32.ActiveCfg = Debug|Win32
		{3271A73E-369D-4589-979B-0ED42C45090A}.Debug|Win32.Build.0 = Debug|Win32
		{3271A73E-369D-4589-979B-0ED42C45090A}.Release|Win32.ActiveCfg = Release|Win32
		{3271A73E-369D-4589-979B-0ED42C45090A}.Release|Win32.Build.0 = Release|Win32
		{2FB1189B-44C9-4D81-8441-19CDE84AE19E}.Debug|Win32.ActiveCfg = Debug|Win32
		{2FB1189B-44C9-4D81-8441-19CDE84AE19E}.Debug|Win32.Build.0 = Debug|Win32
		{2FB1189B-44C9-4D81-8441-19CDE84AE19E}.Release|Win32.ActiveCfg = Release|Win32
		{2FB1189B-44C9-4D81-8441-19CDE84AE19E}.Release|Win32.Build.0 = Release|Win32
		{D26D350A-0FD9-4235-A4EB-28034BD5228B}.Debug|Win32.ActiveCfg = Debug|Win32
		{D26D350A-0FD9-4235-A4EB-28034BD5228B}.Debug|Win32.Build.0 = Debug|Win32
		{D26D350A-0FD9-4235-A4EB-28034BD5228B}.Release|Win32.ActiveCfg = Release|Win32
		{D26D350A-0FD9-4235-A4EB-28034BD5228B}.Release|Win32.Build.0 = Release|Win32
		{B93CA4BE-377D-4593-86F9-6D8F69FE69CD}.Debug|Win32.ActiveCfg = Debug|Win32
		{B93CA4BE-377D-4593-86F9-6D8F69FE69CD}.Debug|Win32.Build.0 = Debug|Win32
		{B93CA4BE-377D-4593-86F9-6D8F69FE69CD}.Release|Win32.ActiveCfg = Release|Win32
		{B93CA4BE-377D-4593-86F9-6D8F69FE69CD}.Release|Win32.Build.0 = Release|Win32
		{17243932-41F1-4165-B995-1AA8E7747C88}.Debug|Win32.ActiveCfg = Debug|Win32
		{17243932-41F1-4165-B995-1AA8E7747C88}.Debug|Win32.Build.0 = Debug|Win32
		{17243932-41F1-4165-B995-1AA8E7747C88}.Release|Win32.ActiveCfg = Release|Win32
		{17243932-41F1-4165-B995-1AA8E7747C88}.Release|Win32.Build.0 = Release|Win32
	EndGlobalSection
	GlobalSection(SolutionProperties) = preSolution
		HideSolutionNode = FALSE
	EndGlobalSection
EndGlobal
